// !$*UTF8*$!
{
	archiveVersion = 1;
	classes = {
	};
	objectVersion = 46;
	objects = {

/* Begin PBXBuildFile section */
		3B3C95C21BAC503F009FB086 /* Hero Support Terms And Conditions.pdf in Resources */ = {isa = PBXBuildFile; fileRef = 3B3C95C11BAC503F009FB086 /* Hero Support Terms And Conditions.pdf */; };
		3B493E2D1B5A5CA50022663E /* MoreViewController.swift in Sources */ = {isa = PBXBuildFile; fileRef = 3B493E2C1B5A5CA50022663E /* MoreViewController.swift */; };
		3B4A64491B76A38500BC0281 /* AdSupport.framework in Frameworks */ = {isa = PBXBuildFile; fileRef = 3B4A64481B76A38500BC0281 /* AdSupport.framework */; };
		3B4A644B1B76A3B800BC0281 /* AVFoundation.framework in Frameworks */ = {isa = PBXBuildFile; fileRef = 3B4A644A1B76A3B800BC0281 /* AVFoundation.framework */; };
		3B4A644D1B76A3DD00BC0281 /* CoreTelephony.framework in Frameworks */ = {isa = PBXBuildFile; fileRef = 3B4A644C1B76A3DD00BC0281 /* CoreTelephony.framework */; };
		3B4A64521B76A59700BC0281 /* EventKit.framework in Frameworks */ = {isa = PBXBuildFile; fileRef = 3B4A64501B76A59700BC0281 /* EventKit.framework */; };
		3B4A64531B76A59700BC0281 /* EventKitUI.framework in Frameworks */ = {isa = PBXBuildFile; fileRef = 3B4A64511B76A59700BC0281 /* EventKitUI.framework */; };
		3B4A64551B76A5B500BC0281 /* MessageUI.framework in Frameworks */ = {isa = PBXBuildFile; fileRef = 3B4A64541B76A5B500BC0281 /* MessageUI.framework */; };
		3B4A64571B76A65500BC0281 /* GoogleMobileAds.framework in Frameworks */ = {isa = PBXBuildFile; fileRef = 3B4A64561B76A65500BC0281 /* GoogleMobileAds.framework */; };
		3B4B36611B0CD06C0093F2FF /* CityDetailViewController.swift in Sources */ = {isa = PBXBuildFile; fileRef = 3B4B36601B0CD06C0093F2FF /* CityDetailViewController.swift */; };
		3B60A0AA1B07511400F3D11B /* HotlinesViewController.swift in Sources */ = {isa = PBXBuildFile; fileRef = 3B60A0A91B07511400F3D11B /* HotlinesViewController.swift */; };
		3B64741A1B11AFCB00A99EBE /* TermsAndConditionViewController.swift in Sources */ = {isa = PBXBuildFile; fileRef = 3B6474191B11AFCB00A99EBE /* TermsAndConditionViewController.swift */; };
		3B6474201B11C4E500A99EBE /* FirstTimeTermsAndConditionsViewController.swift in Sources */ = {isa = PBXBuildFile; fileRef = 3B64741F1B11C4E500A99EBE /* FirstTimeTermsAndConditionsViewController.swift */; };
		3B64B89A1B1670C50073E486 /* policeViewController.swift in Sources */ = {isa = PBXBuildFile; fileRef = 3B64B8991B1670C50073E486 /* policeViewController.swift */; };
		3B64B89C1B1670EF0073E486 /* hospitalViewController.swift in Sources */ = {isa = PBXBuildFile; fileRef = 3B64B89B1B1670EF0073E486 /* hospitalViewController.swift */; };
		3B64B89E1B16710D0073E486 /* fireDeptViewController.swift in Sources */ = {isa = PBXBuildFile; fileRef = 3B64B89D1B16710D0073E486 /* fireDeptViewController.swift */; };
		3B6760FB1B9BAE73003CAAA2 /* ButtonCustomizer.swift in Sources */ = {isa = PBXBuildFile; fileRef = 3B6760FA1B9BAE73003CAAA2 /* ButtonCustomizer.swift */; };
		3B6B07441B1F4A8400050784 /* Bolts.framework in Frameworks */ = {isa = PBXBuildFile; fileRef = 3B6B073E1B1F4A8400050784 /* Bolts.framework */; };
		3B6B07451B1F4A8400050784 /* Parse.framework in Frameworks */ = {isa = PBXBuildFile; fileRef = 3B6B073F1B1F4A8400050784 /* Parse.framework */; };
		3B6B07461B1F4A8400050784 /* ParseCrashReporting.framework in Frameworks */ = {isa = PBXBuildFile; fileRef = 3B6B07401B1F4A8400050784 /* ParseCrashReporting.framework */; };
		3B6B07471B1F4A8400050784 /* ParseFacebookUtils.framework in Frameworks */ = {isa = PBXBuildFile; fileRef = 3B6B07411B1F4A8400050784 /* ParseFacebookUtils.framework */; };
		3B6B07481B1F4A8400050784 /* ParseFacebookUtilsV4.framework in Frameworks */ = {isa = PBXBuildFile; fileRef = 3B6B07421B1F4A8400050784 /* ParseFacebookUtilsV4.framework */; };
		3B6B07491B1F4A8400050784 /* ParseUI.framework in Frameworks */ = {isa = PBXBuildFile; fileRef = 3B6B07431B1F4A8400050784 /* ParseUI.framework */; };
		3B6B074B1B1F4BB300050784 /* AudioToolbox.framework in Frameworks */ = {isa = PBXBuildFile; fileRef = 3B6B074A1B1F4BB300050784 /* AudioToolbox.framework */; };
		3B6B074D1B1F4BBA00050784 /* CFNetwork.framework in Frameworks */ = {isa = PBXBuildFile; fileRef = 3B6B074C1B1F4BBA00050784 /* CFNetwork.framework */; };
		3B6B074F1B1F4BC000050784 /* CoreGraphics.framework in Frameworks */ = {isa = PBXBuildFile; fileRef = 3B6B074E1B1F4BC000050784 /* CoreGraphics.framework */; };
		3B6B07511B1F4BC800050784 /* CoreLocation.framework in Frameworks */ = {isa = PBXBuildFile; fileRef = 3B6B07501B1F4BC800050784 /* CoreLocation.framework */; };
		3B6B07531B1F4BD100050784 /* MobileCoreServices.framework in Frameworks */ = {isa = PBXBuildFile; fileRef = 3B6B07521B1F4BD100050784 /* MobileCoreServices.framework */; };
		3B6B07551B1F4BD900050784 /* QuartzCore.framework in Frameworks */ = {isa = PBXBuildFile; fileRef = 3B6B07541B1F4BD900050784 /* QuartzCore.framework */; };
		3B6B07571B1F4BDF00050784 /* Security.framework in Frameworks */ = {isa = PBXBuildFile; fileRef = 3B6B07561B1F4BDF00050784 /* Security.framework */; };
		3B6B07591B1F4BE500050784 /* StoreKit.framework in Frameworks */ = {isa = PBXBuildFile; fileRef = 3B6B07581B1F4BE500050784 /* StoreKit.framework */; };
		3B6B075B1B1F4BF100050784 /* SystemConfiguration.framework in Frameworks */ = {isa = PBXBuildFile; fileRef = 3B6B075A1B1F4BF100050784 /* SystemConfiguration.framework */; };
		3B6B075D1B1F4C0400050784 /* libz.dylib in Frameworks */ = {isa = PBXBuildFile; fileRef = 3B6B075C1B1F4C0400050784 /* libz.dylib */; };
		3B6B075F1B1F4C1000050784 /* libsqlite3.dylib in Frameworks */ = {isa = PBXBuildFile; fileRef = 3B6B075E1B1F4C1000050784 /* libsqlite3.dylib */; };
		3B702B851B14AB7E007295DC /* FirstTimeNavigationController.swift in Sources */ = {isa = PBXBuildFile; fileRef = 3B702B841B14AB7E007295DC /* FirstTimeNavigationController.swift */; };
		3B97D09C1B1956F30050EE85 /* MainTabBarController.swift in Sources */ = {isa = PBXBuildFile; fileRef = 3B97D09B1B1956F30050EE85 /* MainTabBarController.swift */; };
		3BA7059F1AEB46650013D416 /* iAd.framework in Frameworks */ = {isa = PBXBuildFile; fileRef = 3BA7059C1AEB463B0013D416 /* iAd.framework */; };
		3BB4CDCB1B3E4639003DE70B /* UserInformationNavigationViewController.swift in Sources */ = {isa = PBXBuildFile; fileRef = 3BB4CDCA1B3E4639003DE70B /* UserInformationNavigationViewController.swift */; };
		3BCEFD971AD4F37700EF9E13 /* AppDelegate.swift in Sources */ = {isa = PBXBuildFile; fileRef = 3BCEFD961AD4F37700EF9E13 /* AppDelegate.swift */; };
		3BCEFD9A1AD4F37700EF9E13 /* E_Directory.xcdatamodeld in Sources */ = {isa = PBXBuildFile; fileRef = 3BCEFD981AD4F37700EF9E13 /* E_Directory.xcdatamodeld */; };
		3BCEFDA11AD4F37700EF9E13 /* Images.xcassets in Resources */ = {isa = PBXBuildFile; fileRef = 3BCEFDA01AD4F37700EF9E13 /* Images.xcassets */; };
		3BCEFDB01AD4F37700EF9E13 /* E_DirectoryTests.swift in Sources */ = {isa = PBXBuildFile; fileRef = 3BCEFDAF1AD4F37700EF9E13 /* E_DirectoryTests.swift */; };
		3BCEFDBA1AD4F3D200EF9E13 /* Main.storyboard in Resources */ = {isa = PBXBuildFile; fileRef = 3BCEFDB91AD4F3D200EF9E13 /* Main.storyboard */; };
		3BCEFDBC1AD51BD900EF9E13 /* LaunchScreen.xib in Resources */ = {isa = PBXBuildFile; fileRef = 3BCEFDBB1AD51BD900EF9E13 /* LaunchScreen.xib */; };
		3BFB280F1B21F90200861AA7 /* UserInformationViewController.swift in Sources */ = {isa = PBXBuildFile; fileRef = 3BFB280E1B21F90200861AA7 /* UserInformationViewController.swift */; };
/* End PBXBuildFile section */

/* Begin PBXContainerItemProxy section */
		3BCEFDAA1AD4F37700EF9E13 /* PBXContainerItemProxy */ = {
			isa = PBXContainerItemProxy;
			containerPortal = 3BCEFD891AD4F37700EF9E13 /* Project object */;
			proxyType = 1;
			remoteGlobalIDString = 3BCEFD901AD4F37700EF9E13;
			remoteInfo = "E-Directory";
		};
/* End PBXContainerItemProxy section */

/* Begin PBXFileReference section */
		3B3C95C11BAC503F009FB086 /* Hero Support Terms And Conditions.pdf */ = {isa = PBXFileReference; lastKnownFileType = image.pdf; path = "Hero Support Terms And Conditions.pdf"; sourceTree = "<group>"; };
		3B493E2C1B5A5CA50022663E /* MoreViewController.swift */ = {isa = PBXFileReference; fileEncoding = 4; lastKnownFileType = sourcecode.swift; path = MoreViewController.swift; sourceTree = "<group>"; };
		3B4A64481B76A38500BC0281 /* AdSupport.framework */ = {isa = PBXFileReference; lastKnownFileType = wrapper.framework; name = AdSupport.framework; path = System/Library/Frameworks/AdSupport.framework; sourceTree = SDKROOT; };
		3B4A644A1B76A3B800BC0281 /* AVFoundation.framework */ = {isa = PBXFileReference; lastKnownFileType = wrapper.framework; name = AVFoundation.framework; path = System/Library/Frameworks/AVFoundation.framework; sourceTree = SDKROOT; };
		3B4A644C1B76A3DD00BC0281 /* CoreTelephony.framework */ = {isa = PBXFileReference; lastKnownFileType = wrapper.framework; name = CoreTelephony.framework; path = System/Library/Frameworks/CoreTelephony.framework; sourceTree = SDKROOT; };
		3B4A64501B76A59700BC0281 /* EventKit.framework */ = {isa = PBXFileReference; lastKnownFileType = wrapper.framework; name = EventKit.framework; path = System/Library/Frameworks/EventKit.framework; sourceTree = SDKROOT; };
		3B4A64511B76A59700BC0281 /* EventKitUI.framework */ = {isa = PBXFileReference; lastKnownFileType = wrapper.framework; name = EventKitUI.framework; path = System/Library/Frameworks/EventKitUI.framework; sourceTree = SDKROOT; };
		3B4A64541B76A5B500BC0281 /* MessageUI.framework */ = {isa = PBXFileReference; lastKnownFileType = wrapper.framework; name = MessageUI.framework; path = System/Library/Frameworks/MessageUI.framework; sourceTree = SDKROOT; };
		3B4A64561B76A65500BC0281 /* GoogleMobileAds.framework */ = {isa = PBXFileReference; lastKnownFileType = wrapper.framework; path = GoogleMobileAds.framework; sourceTree = "<group>"; };
		3B4B36601B0CD06C0093F2FF /* CityDetailViewController.swift */ = {isa = PBXFileReference; fileEncoding = 4; lastKnownFileType = sourcecode.swift; path = CityDetailViewController.swift; sourceTree = "<group>"; };
		3B60A0A91B07511400F3D11B /* HotlinesViewController.swift */ = {isa = PBXFileReference; fileEncoding = 4; lastKnownFileType = sourcecode.swift; path = HotlinesViewController.swift; sourceTree = "<group>"; };
		3B6474191B11AFCB00A99EBE /* TermsAndConditionViewController.swift */ = {isa = PBXFileReference; fileEncoding = 4; lastKnownFileType = sourcecode.swift; path = TermsAndConditionViewController.swift; sourceTree = "<group>"; };
		3B64741F1B11C4E500A99EBE /* FirstTimeTermsAndConditionsViewController.swift */ = {isa = PBXFileReference; fileEncoding = 4; lastKnownFileType = sourcecode.swift; path = FirstTimeTermsAndConditionsViewController.swift; sourceTree = "<group>"; };
		3B64B8991B1670C50073E486 /* policeViewController.swift */ = {isa = PBXFileReference; fileEncoding = 4; lastKnownFileType = sourcecode.swift; path = policeViewController.swift; sourceTree = "<group>"; };
		3B64B89B1B1670EF0073E486 /* hospitalViewController.swift */ = {isa = PBXFileReference; fileEncoding = 4; lastKnownFileType = sourcecode.swift; path = hospitalViewController.swift; sourceTree = "<group>"; };
		3B64B89D1B16710D0073E486 /* fireDeptViewController.swift */ = {isa = PBXFileReference; fileEncoding = 4; lastKnownFileType = sourcecode.swift; path = fireDeptViewController.swift; sourceTree = "<group>"; };
		3B6760FA1B9BAE73003CAAA2 /* ButtonCustomizer.swift */ = {isa = PBXFileReference; fileEncoding = 4; lastKnownFileType = sourcecode.swift; path = ButtonCustomizer.swift; sourceTree = "<group>"; };
		3B6B073E1B1F4A8400050784 /* Bolts.framework */ = {isa = PBXFileReference; lastKnownFileType = wrapper.framework; path = Bolts.framework; sourceTree = "<group>"; };
		3B6B073F1B1F4A8400050784 /* Parse.framework */ = {isa = PBXFileReference; lastKnownFileType = wrapper.framework; path = Parse.framework; sourceTree = "<group>"; };
		3B6B07401B1F4A8400050784 /* ParseCrashReporting.framework */ = {isa = PBXFileReference; lastKnownFileType = wrapper.framework; path = ParseCrashReporting.framework; sourceTree = "<group>"; };
		3B6B07411B1F4A8400050784 /* ParseFacebookUtils.framework */ = {isa = PBXFileReference; lastKnownFileType = wrapper.framework; path = ParseFacebookUtils.framework; sourceTree = "<group>"; };
		3B6B07421B1F4A8400050784 /* ParseFacebookUtilsV4.framework */ = {isa = PBXFileReference; lastKnownFileType = wrapper.framework; path = ParseFacebookUtilsV4.framework; sourceTree = "<group>"; };
		3B6B07431B1F4A8400050784 /* ParseUI.framework */ = {isa = PBXFileReference; lastKnownFileType = wrapper.framework; path = ParseUI.framework; sourceTree = "<group>"; };
		3B6B074A1B1F4BB300050784 /* AudioToolbox.framework */ = {isa = PBXFileReference; lastKnownFileType = wrapper.framework; name = AudioToolbox.framework; path = System/Library/Frameworks/AudioToolbox.framework; sourceTree = SDKROOT; };
		3B6B074C1B1F4BBA00050784 /* CFNetwork.framework */ = {isa = PBXFileReference; lastKnownFileType = wrapper.framework; name = CFNetwork.framework; path = System/Library/Frameworks/CFNetwork.framework; sourceTree = SDKROOT; };
		3B6B074E1B1F4BC000050784 /* CoreGraphics.framework */ = {isa = PBXFileReference; lastKnownFileType = wrapper.framework; name = CoreGraphics.framework; path = System/Library/Frameworks/CoreGraphics.framework; sourceTree = SDKROOT; };
		3B6B07501B1F4BC800050784 /* CoreLocation.framework */ = {isa = PBXFileReference; lastKnownFileType = wrapper.framework; name = CoreLocation.framework; path = System/Library/Frameworks/CoreLocation.framework; sourceTree = SDKROOT; };
		3B6B07521B1F4BD100050784 /* MobileCoreServices.framework */ = {isa = PBXFileReference; lastKnownFileType = wrapper.framework; name = MobileCoreServices.framework; path = System/Library/Frameworks/MobileCoreServices.framework; sourceTree = SDKROOT; };
		3B6B07541B1F4BD900050784 /* QuartzCore.framework */ = {isa = PBXFileReference; lastKnownFileType = wrapper.framework; name = QuartzCore.framework; path = System/Library/Frameworks/QuartzCore.framework; sourceTree = SDKROOT; };
		3B6B07561B1F4BDF00050784 /* Security.framework */ = {isa = PBXFileReference; lastKnownFileType = wrapper.framework; name = Security.framework; path = System/Library/Frameworks/Security.framework; sourceTree = SDKROOT; };
		3B6B07581B1F4BE500050784 /* StoreKit.framework */ = {isa = PBXFileReference; lastKnownFileType = wrapper.framework; name = StoreKit.framework; path = System/Library/Frameworks/StoreKit.framework; sourceTree = SDKROOT; };
		3B6B075A1B1F4BF100050784 /* SystemConfiguration.framework */ = {isa = PBXFileReference; lastKnownFileType = wrapper.framework; name = SystemConfiguration.framework; path = System/Library/Frameworks/SystemConfiguration.framework; sourceTree = SDKROOT; };
		3B6B075C1B1F4C0400050784 /* libz.dylib */ = {isa = PBXFileReference; lastKnownFileType = "compiled.mach-o.dylib"; name = libz.dylib; path = usr/lib/libz.dylib; sourceTree = SDKROOT; };
		3B6B075E1B1F4C1000050784 /* libsqlite3.dylib */ = {isa = PBXFileReference; lastKnownFileType = "compiled.mach-o.dylib"; name = libsqlite3.dylib; path = usr/lib/libsqlite3.dylib; sourceTree = SDKROOT; };
		3B702B841B14AB7E007295DC /* FirstTimeNavigationController.swift */ = {isa = PBXFileReference; fileEncoding = 4; lastKnownFileType = sourcecode.swift; path = FirstTimeNavigationController.swift; sourceTree = "<group>"; };
		3B97D09B1B1956F30050EE85 /* MainTabBarController.swift */ = {isa = PBXFileReference; fileEncoding = 4; lastKnownFileType = sourcecode.swift; path = MainTabBarController.swift; sourceTree = "<group>"; };
		3BA7059C1AEB463B0013D416 /* iAd.framework */ = {isa = PBXFileReference; lastKnownFileType = wrapper.framework; name = iAd.framework; path = System/Library/Frameworks/iAd.framework; sourceTree = SDKROOT; };
		3BB4CDCA1B3E4639003DE70B /* UserInformationNavigationViewController.swift */ = {isa = PBXFileReference; fileEncoding = 4; lastKnownFileType = sourcecode.swift; path = UserInformationNavigationViewController.swift; sourceTree = "<group>"; };
		3BCEFD911AD4F37700EF9E13 /* E-Directory.app */ = {isa = PBXFileReference; explicitFileType = wrapper.application; includeInIndex = 0; path = "E-Directory.app"; sourceTree = BUILT_PRODUCTS_DIR; };
		3BCEFD951AD4F37700EF9E13 /* Info.plist */ = {isa = PBXFileReference; lastKnownFileType = text.plist.xml; path = Info.plist; sourceTree = "<group>"; };
		3BCEFD961AD4F37700EF9E13 /* AppDelegate.swift */ = {isa = PBXFileReference; lastKnownFileType = sourcecode.swift; path = AppDelegate.swift; sourceTree = "<group>"; };
		3BCEFD991AD4F37700EF9E13 /* E_Directory.xcdatamodel */ = {isa = PBXFileReference; lastKnownFileType = wrapper.xcdatamodel; path = E_Directory.xcdatamodel; sourceTree = "<group>"; };
		3BCEFDA01AD4F37700EF9E13 /* Images.xcassets */ = {isa = PBXFileReference; lastKnownFileType = folder.assetcatalog; path = Images.xcassets; sourceTree = "<group>"; };
		3BCEFDA91AD4F37700EF9E13 /* E-DirectoryTests.xctest */ = {isa = PBXFileReference; explicitFileType = wrapper.cfbundle; includeInIndex = 0; path = "E-DirectoryTests.xctest"; sourceTree = BUILT_PRODUCTS_DIR; };
		3BCEFDAE1AD4F37700EF9E13 /* Info.plist */ = {isa = PBXFileReference; lastKnownFileType = text.plist.xml; path = Info.plist; sourceTree = "<group>"; };
		3BCEFDAF1AD4F37700EF9E13 /* E_DirectoryTests.swift */ = {isa = PBXFileReference; lastKnownFileType = sourcecode.swift; path = E_DirectoryTests.swift; sourceTree = "<group>"; };
		3BCEFDB91AD4F3D200EF9E13 /* Main.storyboard */ = {isa = PBXFileReference; fileEncoding = 4; lastKnownFileType = file.storyboard; path = Main.storyboard; sourceTree = "<group>"; };
		3BCEFDBB1AD51BD900EF9E13 /* LaunchScreen.xib */ = {isa = PBXFileReference; fileEncoding = 4; lastKnownFileType = file.xib; path = LaunchScreen.xib; sourceTree = "<group>"; };
		3BFB280E1B21F90200861AA7 /* UserInformationViewController.swift */ = {isa = PBXFileReference; fileEncoding = 4; lastKnownFileType = sourcecode.swift; path = UserInformationViewController.swift; sourceTree = "<group>"; };
/* End PBXFileReference section */

/* Begin PBXFrameworksBuildPhase section */
		3BCEFD8E1AD4F37700EF9E13 /* Frameworks */ = {
			isa = PBXFrameworksBuildPhase;
			buildActionMask = 2147483647;
			files = (
				3B4A64551B76A5B500BC0281 /* MessageUI.framework in Frameworks */,
				3B4A64521B76A59700BC0281 /* EventKit.framework in Frameworks */,
				3B4A64531B76A59700BC0281 /* EventKitUI.framework in Frameworks */,
				3B4A644D1B76A3DD00BC0281 /* CoreTelephony.framework in Frameworks */,
				3B4A644B1B76A3B800BC0281 /* AVFoundation.framework in Frameworks */,
				3B4A64491B76A38500BC0281 /* AdSupport.framework in Frameworks */,
				3B6B075F1B1F4C1000050784 /* libsqlite3.dylib in Frameworks */,
				3B6B075D1B1F4C0400050784 /* libz.dylib in Frameworks */,
				3B6B075B1B1F4BF100050784 /* SystemConfiguration.framework in Frameworks */,
				3B6B07591B1F4BE500050784 /* StoreKit.framework in Frameworks */,
				3B6B07571B1F4BDF00050784 /* Security.framework in Frameworks */,
				3B6B07551B1F4BD900050784 /* QuartzCore.framework in Frameworks */,
				3B6B07531B1F4BD100050784 /* MobileCoreServices.framework in Frameworks */,
				3B6B07511B1F4BC800050784 /* CoreLocation.framework in Frameworks */,
				3B6B074F1B1F4BC000050784 /* CoreGraphics.framework in Frameworks */,
				3B6B074D1B1F4BBA00050784 /* CFNetwork.framework in Frameworks */,
				3B6B074B1B1F4BB300050784 /* AudioToolbox.framework in Frameworks */,
				3BA7059F1AEB46650013D416 /* iAd.framework in Frameworks */,
				3B6B07451B1F4A8400050784 /* Parse.framework in Frameworks */,
				3B6B07491B1F4A8400050784 /* ParseUI.framework in Frameworks */,
				3B6B07481B1F4A8400050784 /* ParseFacebookUtilsV4.framework in Frameworks */,
				3B6B07441B1F4A8400050784 /* Bolts.framework in Frameworks */,
				3B4A64571B76A65500BC0281 /* GoogleMobileAds.framework in Frameworks */,
				3B6B07471B1F4A8400050784 /* ParseFacebookUtils.framework in Frameworks */,
				3B6B07461B1F4A8400050784 /* ParseCrashReporting.framework in Frameworks */,
			);
			runOnlyForDeploymentPostprocessing = 0;
		};
		3BCEFDA61AD4F37700EF9E13 /* Frameworks */ = {
			isa = PBXFrameworksBuildPhase;
			buildActionMask = 2147483647;
			files = (
			);
			runOnlyForDeploymentPostprocessing = 0;
		};
/* End PBXFrameworksBuildPhase section */

/* Begin PBXGroup section */
		3BA7059E1AEB46540013D416 /* Frameworks */ = {
			isa = PBXGroup;
			children = (
				3B4A64561B76A65500BC0281 /* GoogleMobileAds.framework */,
				3B4A64541B76A5B500BC0281 /* MessageUI.framework */,
				3B4A64501B76A59700BC0281 /* EventKit.framework */,
				3B4A64511B76A59700BC0281 /* EventKitUI.framework */,
				3B4A644C1B76A3DD00BC0281 /* CoreTelephony.framework */,
				3B4A644A1B76A3B800BC0281 /* AVFoundation.framework */,
				3B4A64481B76A38500BC0281 /* AdSupport.framework */,
				3B6B075E1B1F4C1000050784 /* libsqlite3.dylib */,
				3B6B075C1B1F4C0400050784 /* libz.dylib */,
				3B6B075A1B1F4BF100050784 /* SystemConfiguration.framework */,
				3B6B07581B1F4BE500050784 /* StoreKit.framework */,
				3B6B07561B1F4BDF00050784 /* Security.framework */,
				3B6B07541B1F4BD900050784 /* QuartzCore.framework */,
				3B6B07521B1F4BD100050784 /* MobileCoreServices.framework */,
				3B6B07501B1F4BC800050784 /* CoreLocation.framework */,
				3B6B074E1B1F4BC000050784 /* CoreGraphics.framework */,
				3B6B074C1B1F4BBA00050784 /* CFNetwork.framework */,
				3B6B074A1B1F4BB300050784 /* AudioToolbox.framework */,
				3B6B073E1B1F4A8400050784 /* Bolts.framework */,
				3B6B073F1B1F4A8400050784 /* Parse.framework */,
				3B6B07401B1F4A8400050784 /* ParseCrashReporting.framework */,
				3B6B07411B1F4A8400050784 /* ParseFacebookUtils.framework */,
				3B6B07421B1F4A8400050784 /* ParseFacebookUtilsV4.framework */,
				3B6B07431B1F4A8400050784 /* ParseUI.framework */,
				3BA7059C1AEB463B0013D416 /* iAd.framework */,
			);
			name = Frameworks;
			sourceTree = "<group>";
		};
		3BCEFD881AD4F37700EF9E13 = {
			isa = PBXGroup;
			children = (
				3BCEFD931AD4F37700EF9E13 /* E-Directory */,
				3BA7059E1AEB46540013D416 /* Frameworks */,
				3BCEFDAC1AD4F37700EF9E13 /* E-DirectoryTests */,
				3BCEFD921AD4F37700EF9E13 /* Products */,
			);
			sourceTree = "<group>";
		};
		3BCEFD921AD4F37700EF9E13 /* Products */ = {
			isa = PBXGroup;
			children = (
				3BCEFD911AD4F37700EF9E13 /* E-Directory.app */,
				3BCEFDA91AD4F37700EF9E13 /* E-DirectoryTests.xctest */,
			);
			name = Products;
			sourceTree = "<group>";
		};
		3BCEFD931AD4F37700EF9E13 /* E-Directory */ = {
			isa = PBXGroup;
			children = (
				3BCEFDA01AD4F37700EF9E13 /* Images.xcassets */,
				3BCEFD961AD4F37700EF9E13 /* AppDelegate.swift */,
				3B97D09B1B1956F30050EE85 /* MainTabBarController.swift */,
				3B64B8991B1670C50073E486 /* policeViewController.swift */,
				3B64B89B1B1670EF0073E486 /* hospitalViewController.swift */,
				3B64B89D1B16710D0073E486 /* fireDeptViewController.swift */,
				3B493E2C1B5A5CA50022663E /* MoreViewController.swift */,
				3B60A0A91B07511400F3D11B /* HotlinesViewController.swift */,
				3B4B36601B0CD06C0093F2FF /* CityDetailViewController.swift */,
				3B6474191B11AFCB00A99EBE /* TermsAndConditionViewController.swift */,
				3B702B841B14AB7E007295DC /* FirstTimeNavigationController.swift */,
				3B64741F1B11C4E500A99EBE /* FirstTimeTermsAndConditionsViewController.swift */,
				3BB4CDCA1B3E4639003DE70B /* UserInformationNavigationViewController.swift */,
				3BFB280E1B21F90200861AA7 /* UserInformationViewController.swift */,
				3B6760FA1B9BAE73003CAAA2 /* ButtonCustomizer.swift */,
				3B3C95C11BAC503F009FB086 /* Hero Support Terms And Conditions.pdf */,
				3BCEFDB91AD4F3D200EF9E13 /* Main.storyboard */,
				3BCEFDBB1AD51BD900EF9E13 /* LaunchScreen.xib */,
				3BCEFD981AD4F37700EF9E13 /* E_Directory.xcdatamodeld */,
				3BCEFD941AD4F37700EF9E13 /* Supporting Files */,
			);
			path = "E-Directory";
			sourceTree = "<group>";
		};
		3BCEFD941AD4F37700EF9E13 /* Supporting Files */ = {
			isa = PBXGroup;
			children = (
				3BCEFD951AD4F37700EF9E13 /* Info.plist */,
			);
			name = "Supporting Files";
			sourceTree = "<group>";
		};
		3BCEFDAC1AD4F37700EF9E13 /* E-DirectoryTests */ = {
			isa = PBXGroup;
			children = (
				3BCEFDAF1AD4F37700EF9E13 /* E_DirectoryTests.swift */,
				3BCEFDAD1AD4F37700EF9E13 /* Supporting Files */,
			);
			path = "E-DirectoryTests";
			sourceTree = "<group>";
		};
		3BCEFDAD1AD4F37700EF9E13 /* Supporting Files */ = {
			isa = PBXGroup;
			children = (
				3BCEFDAE1AD4F37700EF9E13 /* Info.plist */,
			);
			name = "Supporting Files";
			sourceTree = "<group>";
		};
/* End PBXGroup section */

/* Begin PBXNativeTarget section */
		3BCEFD901AD4F37700EF9E13 /* E-Directory */ = {
			isa = PBXNativeTarget;
			buildConfigurationList = 3BCEFDB31AD4F37700EF9E13 /* Build configuration list for PBXNativeTarget "E-Directory" */;
			buildPhases = (
				3BCEFD8D1AD4F37700EF9E13 /* Sources */,
				3BCEFD8E1AD4F37700EF9E13 /* Frameworks */,
				3BCEFD8F1AD4F37700EF9E13 /* Resources */,
			);
			buildRules = (
			);
			dependencies = (
			);
			name = "E-Directory";
			productName = "E-Directory";
			productReference = 3BCEFD911AD4F37700EF9E13 /* E-Directory.app */;
			productType = "com.apple.product-type.application";
		};
		3BCEFDA81AD4F37700EF9E13 /* E-DirectoryTests */ = {
			isa = PBXNativeTarget;
			buildConfigurationList = 3BCEFDB61AD4F37700EF9E13 /* Build configuration list for PBXNativeTarget "E-DirectoryTests" */;
			buildPhases = (
				3BCEFDA51AD4F37700EF9E13 /* Sources */,
				3BCEFDA61AD4F37700EF9E13 /* Frameworks */,
				3BCEFDA71AD4F37700EF9E13 /* Resources */,
			);
			buildRules = (
			);
			dependencies = (
				3BCEFDAB1AD4F37700EF9E13 /* PBXTargetDependency */,
			);
			name = "E-DirectoryTests";
			productName = "E-DirectoryTests";
			productReference = 3BCEFDA91AD4F37700EF9E13 /* E-DirectoryTests.xctest */;
			productType = "com.apple.product-type.bundle.unit-test";
		};
/* End PBXNativeTarget section */

/* Begin PBXProject section */
		3BCEFD891AD4F37700EF9E13 /* Project object */ = {
			isa = PBXProject;
			attributes = {
				LastSwiftMigration = 0700;
				LastSwiftUpdateCheck = 0700;
				LastUpgradeCheck = 0700;
				ORGANIZATIONNAME = "Engr. Ronald F. Paglinawan";
				TargetAttributes = {
					3BCEFD901AD4F37700EF9E13 = {
						CreatedOnToolsVersion = 6.2;
						DevelopmentTeam = D77JWNYMSB;
					};
					3BCEFDA81AD4F37700EF9E13 = {
						CreatedOnToolsVersion = 6.2;
						TestTargetID = 3BCEFD901AD4F37700EF9E13;
					};
				};
			};
			buildConfigurationList = 3BCEFD8C1AD4F37700EF9E13 /* Build configuration list for PBXProject "E-Directory" */;
			compatibilityVersion = "Xcode 3.2";
			developmentRegion = English;
			hasScannedForEncodings = 0;
			knownRegions = (
				en,
				Base,
			);
			mainGroup = 3BCEFD881AD4F37700EF9E13;
			productRefGroup = 3BCEFD921AD4F37700EF9E13 /* Products */;
			projectDirPath = "";
			projectRoot = "";
			targets = (
				3BCEFD901AD4F37700EF9E13 /* E-Directory */,
				3BCEFDA81AD4F37700EF9E13 /* E-DirectoryTests */,
			);
		};
/* End PBXProject section */

/* Begin PBXResourcesBuildPhase section */
		3BCEFD8F1AD4F37700EF9E13 /* Resources */ = {
			isa = PBXResourcesBuildPhase;
			buildActionMask = 2147483647;
			files = (
				3B3C95C21BAC503F009FB086 /* Hero Support Terms And Conditions.pdf in Resources */,
				3BCEFDBA1AD4F3D200EF9E13 /* Main.storyboard in Resources */,
				3BCEFDBC1AD51BD900EF9E13 /* LaunchScreen.xib in Resources */,
				3BCEFDA11AD4F37700EF9E13 /* Images.xcassets in Resources */,
			);
			runOnlyForDeploymentPostprocessing = 0;
		};
		3BCEFDA71AD4F37700EF9E13 /* Resources */ = {
			isa = PBXResourcesBuildPhase;
			buildActionMask = 2147483647;
			files = (
			);
			runOnlyForDeploymentPostprocessing = 0;
		};
/* End PBXResourcesBuildPhase section */

/* Begin PBXSourcesBuildPhase section */
		3BCEFD8D1AD4F37700EF9E13 /* Sources */ = {
			isa = PBXSourcesBuildPhase;
			buildActionMask = 2147483647;
			files = (
				3B493E2D1B5A5CA50022663E /* MoreViewController.swift in Sources */,
				3B60A0AA1B07511400F3D11B /* HotlinesViewController.swift in Sources */,
				3B6760FB1B9BAE73003CAAA2 /* ButtonCustomizer.swift in Sources */,
				3B702B851B14AB7E007295DC /* FirstTimeNavigationController.swift in Sources */,
				3B64B89A1B1670C50073E486 /* policeViewController.swift in Sources */,
				3B64B89E1B16710D0073E486 /* fireDeptViewController.swift in Sources */,
				3B64B89C1B1670EF0073E486 /* hospitalViewController.swift in Sources */,
				3B97D09C1B1956F30050EE85 /* MainTabBarController.swift in Sources */,
				3BCEFD971AD4F37700EF9E13 /* AppDelegate.swift in Sources */,
				3BCEFD9A1AD4F37700EF9E13 /* E_Directory.xcdatamodeld in Sources */,
				3B6474201B11C4E500A99EBE /* FirstTimeTermsAndConditionsViewController.swift in Sources */,
				3BB4CDCB1B3E4639003DE70B /* UserInformationNavigationViewController.swift in Sources */,
				3B64741A1B11AFCB00A99EBE /* TermsAndConditionViewController.swift in Sources */,
				3BFB280F1B21F90200861AA7 /* UserInformationViewController.swift in Sources */,
				3B4B36611B0CD06C0093F2FF /* CityDetailViewController.swift in Sources */,
			);
			runOnlyForDeploymentPostprocessing = 0;
		};
		3BCEFDA51AD4F37700EF9E13 /* Sources */ = {
			isa = PBXSourcesBuildPhase;
			buildActionMask = 2147483647;
			files = (
				3BCEFDB01AD4F37700EF9E13 /* E_DirectoryTests.swift in Sources */,
			);
			runOnlyForDeploymentPostprocessing = 0;
		};
/* End PBXSourcesBuildPhase section */

/* Begin PBXTargetDependency section */
		3BCEFDAB1AD4F37700EF9E13 /* PBXTargetDependency */ = {
			isa = PBXTargetDependency;
			target = 3BCEFD901AD4F37700EF9E13 /* E-Directory */;
			targetProxy = 3BCEFDAA1AD4F37700EF9E13 /* PBXContainerItemProxy */;
		};
/* End PBXTargetDependency section */

/* Begin XCBuildConfiguration section */
		3BCEFDB11AD4F37700EF9E13 /* Debug */ = {
			isa = XCBuildConfiguration;
			buildSettings = {
				ALWAYS_SEARCH_USER_PATHS = NO;
				CLANG_CXX_LANGUAGE_STANDARD = "gnu++0x";
				CLANG_CXX_LIBRARY = "libc++";
				CLANG_ENABLE_MODULES = YES;
				CLANG_ENABLE_OBJC_ARC = YES;
				CLANG_WARN_BOOL_CONVERSION = YES;
				CLANG_WARN_CONSTANT_CONVERSION = YES;
				CLANG_WARN_DIRECT_OBJC_ISA_USAGE = YES_ERROR;
				CLANG_WARN_EMPTY_BODY = YES;
				CLANG_WARN_ENUM_CONVERSION = YES;
				CLANG_WARN_INT_CONVERSION = YES;
				CLANG_WARN_OBJC_ROOT_CLASS = YES_ERROR;
				CLANG_WARN_UNREACHABLE_CODE = YES;
				CLANG_WARN__DUPLICATE_METHOD_MATCH = YES;
				"CODE_SIGN_IDENTITY[sdk=iphoneos*]" = "iPhone Developer";
				COPY_PHASE_STRIP = NO;
				ENABLE_STRICT_OBJC_MSGSEND = YES;
				ENABLE_TESTABILITY = YES;
				GCC_C_LANGUAGE_STANDARD = gnu99;
				GCC_DYNAMIC_NO_PIC = NO;
				GCC_OPTIMIZATION_LEVEL = 0;
				GCC_PREPROCESSOR_DEFINITIONS = (
					"DEBUG=1",
					"$(inherited)",
				);
				GCC_SYMBOLS_PRIVATE_EXTERN = NO;
				GCC_WARN_64_TO_32_BIT_CONVERSION = YES;
				GCC_WARN_ABOUT_RETURN_TYPE = YES_ERROR;
				GCC_WARN_UNDECLARED_SELECTOR = YES;
				GCC_WARN_UNINITIALIZED_AUTOS = YES_AGGRESSIVE;
				GCC_WARN_UNUSED_FUNCTION = YES;
				GCC_WARN_UNUSED_VARIABLE = YES;
				IPHONEOS_DEPLOYMENT_TARGET = 8.2;
				MTL_ENABLE_DEBUG_INFO = YES;
				ONLY_ACTIVE_ARCH = YES;
				SDKROOT = iphoneos;
				SWIFT_OPTIMIZATION_LEVEL = "-Onone";
			};
			name = Debug;
		};
		3BCEFDB21AD4F37700EF9E13 /* Release */ = {
			isa = XCBuildConfiguration;
			buildSettings = {
				ALWAYS_SEARCH_USER_PATHS = NO;
				CLANG_CXX_LANGUAGE_STANDARD = "gnu++0x";
				CLANG_CXX_LIBRARY = "libc++";
				CLANG_ENABLE_MODULES = YES;
				CLANG_ENABLE_OBJC_ARC = YES;
				CLANG_WARN_BOOL_CONVERSION = YES;
				CLANG_WARN_CONSTANT_CONVERSION = YES;
				CLANG_WARN_DIRECT_OBJC_ISA_USAGE = YES_ERROR;
				CLANG_WARN_EMPTY_BODY = YES;
				CLANG_WARN_ENUM_CONVERSION = YES;
				CLANG_WARN_INT_CONVERSION = YES;
				CLANG_WARN_OBJC_ROOT_CLASS = YES_ERROR;
				CLANG_WARN_UNREACHABLE_CODE = YES;
				CLANG_WARN__DUPLICATE_METHOD_MATCH = YES;
				"CODE_SIGN_IDENTITY[sdk=iphoneos*]" = "iPhone Developer";
				COPY_PHASE_STRIP = NO;
				ENABLE_NS_ASSERTIONS = NO;
				ENABLE_STRICT_OBJC_MSGSEND = YES;
				GCC_C_LANGUAGE_STANDARD = gnu99;
				GCC_WARN_64_TO_32_BIT_CONVERSION = YES;
				GCC_WARN_ABOUT_RETURN_TYPE = YES_ERROR;
				GCC_WARN_UNDECLARED_SELECTOR = YES;
				GCC_WARN_UNINITIALIZED_AUTOS = YES_AGGRESSIVE;
				GCC_WARN_UNUSED_FUNCTION = YES;
				GCC_WARN_UNUSED_VARIABLE = YES;
				IPHONEOS_DEPLOYMENT_TARGET = 8.2;
				MTL_ENABLE_DEBUG_INFO = NO;
				SDKROOT = iphoneos;
				VALIDATE_PRODUCT = YES;
			};
			name = Release;
		};
		3BCEFDB41AD4F37700EF9E13 /* Debug */ = {
			isa = XCBuildConfiguration;
			buildSettings = {
				ASSETCATALOG_COMPILER_APPICON_NAME = AppIcon;
				CODE_SIGN_IDENTITY = "iPhone Developer";
				"CODE_SIGN_IDENTITY[sdk=iphoneos*]" = "iPhone Developer";
				ENABLE_BITCODE = NO;
				FRAMEWORK_SEARCH_PATHS = (
					"$(inherited)",
					"$(PROJECT_DIR)",
				);
				INFOPLIST_FILE = "E-Directory/Info.plist";
				IPHONEOS_DEPLOYMENT_TARGET = 8.0;
				LD_RUNPATH_SEARCH_PATHS = "$(inherited) @executable_path/Frameworks";
				PRODUCT_BUNDLE_IDENTIFIER = "com.herosupportph.$(PRODUCT_NAME:rfc1034identifier)";
				PRODUCT_NAME = "$(TARGET_NAME)";
				PROVISIONING_PROFILE = "";
			};
			name = Debug;
		};
		3BCEFDB51AD4F37700EF9E13 /* Release */ = {
			isa = XCBuildConfiguration;
			buildSettings = {
				ASSETCATALOG_COMPILER_APPICON_NAME = AppIcon;
				CODE_SIGN_IDENTITY = "iPhone Developer";
				"CODE_SIGN_IDENTITY[sdk=iphoneos*]" = "iPhone Developer";
				ENABLE_BITCODE = NO;
				FRAMEWORK_SEARCH_PATHS = (
					"$(inherited)",
					"$(PROJECT_DIR)",
				);
				INFOPLIST_FILE = "E-Directory/Info.plist";
				IPHONEOS_DEPLOYMENT_TARGET = 8.0;
				LD_RUNPATH_SEARCH_PATHS = "$(inherited) @executable_path/Frameworks";
				PRODUCT_BUNDLE_IDENTIFIER = "com.herosupportph.$(PRODUCT_NAME:rfc1034identifier)";
				PRODUCT_NAME = "$(TARGET_NAME)";
				PROVISIONING_PROFILE = "";
			};
			name = Release;
		};
		3BCEFDB71AD4F37700EF9E13 /* Debug */ = {
			isa = XCBuildConfiguration;
			buildSettings = {
				BUNDLE_LOADER = "$(TEST_HOST)";
				FRAMEWORK_SEARCH_PATHS = (
					"$(SDKROOT)/Developer/Library/Frameworks",
					"$(inherited)",
				);
				GCC_PREPROCESSOR_DEFINITIONS = (
					"DEBUG=1",
					"$(inherited)",
				);
				INFOPLIST_FILE = "E-DirectoryTests/Info.plist";
				LD_RUNPATH_SEARCH_PATHS = "$(inherited) @executable_path/Frameworks @loader_path/Frameworks";
				PRODUCT_BUNDLE_IDENTIFIER = "com.ronaldpaglinawan.$(PRODUCT_NAME:rfc1034identifier)";
				PRODUCT_NAME = "$(TARGET_NAME)";
				TEST_HOST = "$(BUILT_PRODUCTS_DIR)/E-Directory.app/E-Directory";
			};
			name = Debug;
		};
		3BCEFDB81AD4F37700EF9E13 /* Release */ = {
			isa = XCBuildConfiguration;
			buildSettings = {
				BUNDLE_LOADER = "$(TEST_HOST)";
				FRAMEWORK_SEARCH_PATHS = (
					"$(SDKROOT)/Developer/Library/Frameworks",
					"$(inherited)",
				);
				INFOPLIST_FILE = "E-DirectoryTests/Info.plist";
				LD_RUNPATH_SEARCH_PATHS = "$(inherited) @executable_path/Frameworks @loader_path/Frameworks";
				PRODUCT_BUNDLE_IDENTIFIER = "com.ronaldpaglinawan.$(PRODUCT_NAME:rfc1034identifier)";
				PRODUCT_NAME = "$(TARGET_NAME)";
				TEST_HOST = "$(BUILT_PRODUCTS_DIR)/E-Directory.app/E-Directory";
			};
			name = Release;
		};
/* End XCBuildConfiguration section */

/* Begin XCConfigurationList section */
		3BCEFD8C1AD4F37700EF9E13 /* Build configuration list for PBXProject "E-Directory" */ = {
			isa = XCConfigurationList;
			buildConfigurations = (
				3BCEFDB11AD4F37700EF9E13 /* Debug */,
				3BCEFDB21AD4F37700EF9E13 /* Release */,
			);
			defaultConfigurationIsVisible = 0;
			defaultConfigurationName = Release;
		};
		3BCEFDB31AD4F37700EF9E13 /* Build configuration list for PBXNativeTarget "E-Directory" */ = {
			isa = XCConfigurationList;
			buildConfigurations = (
				3BCEFDB41AD4F37700EF9E13 /* Debug */,
				3BCEFDB51AD4F37700EF9E13 /* Release */,
			);
			defaultConfigurationIsVisible = 0;
			defaultConfigurationName = Release;
		};
		3BCEFDB61AD4F37700EF9E13 /* Build configuration list for PBXNativeTarget "E-DirectoryTests" */ = {
			isa = XCConfigurationList;
			buildConfigurations = (
				3BCEFDB71AD4F37700EF9E13 /* Debug */,
				3BCEFDB81AD4F37700EF9E13 /* Release */,
			);
			defaultConfigurationIsVisible = 0;
			defaultConfigurationName = Release;
		};
/* End XCConfigurationList section */

/* Begin XCVersionGroup section */
		3BCEFD981AD4F37700EF9E13 /* E_Directory.xcdatamodeld */ = {
			isa = XCVersionGroup;
			children = (
				3BCEFD991AD4F37700EF9E13 /* E_Directory.xcdatamodel */,
			);
			currentVersion = 3BCEFD991AD4F37700EF9E13 /* E_Directory.xcdatamodel */;
			path = E_Directory.xcdatamodeld;
			sourceTree = "<group>";
			versionGroupType = wrapper.xcdatamodel;
		};
/* End XCVersionGroup section */
	};
	rootObject = 3BCEFD891AD4F37700EF9E13 /* Project object */;
}
